
Microsoft Visual Studio Solution File, Format Version 12.00
# Visual Studio 15
VisualStudioVersion = 15.0.26730.16
MinimumVisualStudioVersion = 10.0.40219.1
Project("{FAE04EC0-301F-11D3-BF4B-00C04F79EFBC}") = "Loop Demo", "Loop Demo\Loop Demo.csproj", "{70E0A0CF-5C88-4331-8867-4DF26F23D435}"
EndProject
Global
	GlobalSection(SolutionConfigurationPlatforms) = preSolution
		Debug|Any CPU = Debug|Any CPU
		Release|Any CPU = Release|Any CPU
	EndGlobalSection
	GlobalSection(ProjectConfigurationPlatforms) = postSolution
		{70E0A0CF-5C88-4331-8867-4DF26F23D435}.Debug|Any CPU.ActiveCfg = Debug|Any CPU
		{70E0A0CF-5C88-4331-8867-4DF26F23D435}.Debug|Any CPU.Build.0 = Debug|Any CPU
		{70E0A0CF-5C88-4331-8867-4DF26F23D435}.Release|Any CPU.ActiveCfg = Release|Any CPU
		{70E0A0CF-5C88-4331-8867-4DF26F23D435}.Release|Any CPU.Build.0 = Release|Any CPU
	EndGlobalSection
	GlobalSection(SolutionProperties) = preSolution
		HideSolutionNode = FALSE
	EndGlobalSection
	GlobalSection(ExtensibilityGlobals) = postSolution
		SolutionGuid = {0C3292DD-DE92-4AF7-AD12-5CB01A9D7F6C}
	EndGlobalSection
EndGlobal
